{
    "version": 3,
    "terraform_version": "0.9.11",
    "serial": 11,
    "lineage": "e60f3ae7-533a-4b6d-9bfa-fe0b35efaa3b",
    "modules": [
        {
            "path": [
                "root"
            ],
            "outputs": {
                "mappers": {
                    "sensitive": false,
                    "type": "list",
                    "value": []
                }
            },
            "resources": {
                "aws_security_group.default": {
                    "type": "aws_security_group",
                    "depends_on": [],
                    "primary": {
                        "id": "sg-9b11dbe1",
                        "attributes": {
                            "description": "default security group in taxi",
                            "egress.#": "2",
                            "egress.482069346.cidr_blocks.#": "1",
                            "egress.482069346.cidr_blocks.0": "0.0.0.0/0",
                            "egress.482069346.from_port": "0",
                            "egress.482069346.ipv6_cidr_blocks.#": "0",
                            "egress.482069346.prefix_list_ids.#": "0",
                            "egress.482069346.protocol": "-1",
                            "egress.482069346.security_groups.#": "0",
                            "egress.482069346.self": "false",
                            "egress.482069346.to_port": "0",
                            "egress.753360330.cidr_blocks.#": "0",
                            "egress.753360330.from_port": "0",
                            "egress.753360330.ipv6_cidr_blocks.#": "0",
                            "egress.753360330.prefix_list_ids.#": "0",
                            "egress.753360330.protocol": "-1",
                            "egress.753360330.security_groups.#": "0",
                            "egress.753360330.self": "true",
                            "egress.753360330.to_port": "0",
                            "id": "sg-9b11dbe1",
                            "ingress.#": "2",
                            "ingress.2541437006.cidr_blocks.#": "1",
                            "ingress.2541437006.cidr_blocks.0": "0.0.0.0/0",
                            "ingress.2541437006.from_port": "22",
                            "ingress.2541437006.ipv6_cidr_blocks.#": "0",
                            "ingress.2541437006.protocol": "tcp",
                            "ingress.2541437006.security_groups.#": "0",
                            "ingress.2541437006.self": "false",
                            "ingress.2541437006.to_port": "22",
                            "ingress.753360330.cidr_blocks.#": "0",
                            "ingress.753360330.from_port": "0",
                            "ingress.753360330.ipv6_cidr_blocks.#": "0",
                            "ingress.753360330.protocol": "-1",
                            "ingress.753360330.security_groups.#": "0",
                            "ingress.753360330.self": "true",
                            "ingress.753360330.to_port": "0",
                            "name": "default-security-group-taxi",
                            "owner_id": "145245897735",
                            "tags.%": "2",
                            "tags.Environment": "taxi",
                            "tags.Name": "default-security-group-taxi",
                            "vpc_id": "vpc-ec17ea8a"
                        },
                        "meta": {},
                        "tainted": false
                    },
                    "deposed": [],
                    "provider": ""
                },
                "aws_security_group.mapper": {
                    "type": "aws_security_group",
                    "depends_on": [],
                    "primary": {
                        "id": "sg-3b17dd41",
                        "attributes": {
                            "description": "mapper security group in taxi",
                            "egress.#": "0",
                            "id": "sg-3b17dd41",
                            "ingress.#": "1",
                            "ingress.2617001939.cidr_blocks.#": "1",
                            "ingress.2617001939.cidr_blocks.0": "0.0.0.0/0",
                            "ingress.2617001939.from_port": "443",
                            "ingress.2617001939.ipv6_cidr_blocks.#": "0",
                            "ingress.2617001939.protocol": "tcp",
                            "ingress.2617001939.security_groups.#": "0",
                            "ingress.2617001939.self": "false",
                            "ingress.2617001939.to_port": "443",
                            "name": "mapper-security-group-taxi",
                            "owner_id": "145245897735",
                            "tags.%": "3",
                            "tags.Environment": "taxi",
                            "tags.Name": "mapper-security-group-taxi",
                            "tags.User": "cyanide",
                            "vpc_id": "vpc-ec17ea8a"
                        },
                        "meta": {},
                        "tainted": false
                    },
                    "deposed": [],
                    "provider": ""
                },
                "aws_security_group.webserver": {
                    "type": "aws_security_group",
                    "depends_on": [],
                    "primary": {
                        "id": "sg-152be16f",
                        "attributes": {
                            "description": "webserver security group in taxi",
                            "egress.#": "0",
                            "id": "sg-152be16f",
                            "ingress.#": "2",
                            "ingress.1523753401.cidr_blocks.#": "1",
                            "ingress.1523753401.cidr_blocks.0": "0.0.0.0/0",
                            "ingress.1523753401.from_port": "5006",
                            "ingress.1523753401.ipv6_cidr_blocks.#": "0",
                            "ingress.1523753401.protocol": "tcp",
                            "ingress.1523753401.security_groups.#": "0",
                            "ingress.1523753401.self": "false",
                            "ingress.1523753401.to_port": "5006",
                            "ingress.2214680975.cidr_blocks.#": "1",
                            "ingress.2214680975.cidr_blocks.0": "0.0.0.0/0",
                            "ingress.2214680975.from_port": "80",
                            "ingress.2214680975.ipv6_cidr_blocks.#": "0",
                            "ingress.2214680975.protocol": "tcp",
                            "ingress.2214680975.security_groups.#": "0",
                            "ingress.2214680975.self": "false",
                            "ingress.2214680975.to_port": "80",
                            "name": "webserver-security-group-taxi",
                            "owner_id": "145245897735",
                            "tags.%": "3",
                            "tags.Environment": "taxi",
                            "tags.Name": "webserver-security-group-taxi",
                            "tags.User": "cyanide",
                            "vpc_id": "vpc-ec17ea8a"
                        },
                        "meta": {},
                        "tainted": false
                    },
                    "deposed": [],
                    "provider": ""
                }
            },
            "depends_on": []
        }
    ]
}
